
Microsoft Visual Studio Solution File, Format Version 12.00
# Visual Studio Version 16
VisualStudioVersion = 16.0.30011.22
MinimumVisualStudioVersion = 10.0.40219.1
Project("{FAE04EC0-301F-11D3-BF4B-00C04F79EFBC}") = "TDD-Taxi-CSharp", "TDD-Taxi-CSharp.csproj", "{3737B15A-F0EF-41A7-977A-C0AAAF4DE572}"
EndProject
Project("{FAE04EC0-301F-11D3-BF4B-00C04F79EFBC}") = "TDD-Taxi-CSharp-Test", "TDD-Taxi-CSharp-Test\TDD-Taxi-CSharp-Test.csproj", "{B9F7BBC0-C3BE-48AD-BE46-D97E574FE05B}"
EndProject
Global
	GlobalSection(SolutionConfigurationPlatforms) = preSolution
		Debug|Any CPU = Debug|Any CPU
		Release|Any CPU = Release|Any CPU
	EndGlobalSection
	GlobalSection(ProjectConfigurationPlatforms) = postSolution
		{3737B15A-F0EF-41A7-977A-C0AAAF4DE572}.Debug|Any CPU.ActiveCfg = Debug|Any CPU
		{3737B15A-F0EF-41A7-977A-C0AAAF4DE572}.Debug|Any CPU.Build.0 = Debug|Any CPU
		{3737B15A-F0EF-41A7-977A-C0AAAF4DE572}.Release|Any CPU.ActiveCfg = Release|Any CPU
		{3737B15A-F0EF-41A7-977A-C0AAAF4DE572}.Release|Any CPU.Build.0 = Release|Any CPU
		{B9F7BBC0-C3BE-48AD-BE46-D97E574FE05B}.Debug|Any CPU.ActiveCfg = Debug|Any CPU
		{B9F7BBC0-C3BE-48AD-BE46-D97E574FE05B}.Debug|Any CPU.Build.0 = Debug|Any CPU
		{B9F7BBC0-C3BE-48AD-BE46-D97E574FE05B}.Release|Any CPU.ActiveCfg = Release|Any CPU
		{B9F7BBC0-C3BE-48AD-BE46-D97E574FE05B}.Release|Any CPU.Build.0 = Release|Any CPU
	EndGlobalSection
	GlobalSection(SolutionProperties) = preSolution
		HideSolutionNode = FALSE
	EndGlobalSection
	GlobalSection(ExtensibilityGlobals) = postSolution
		SolutionGuid = {6AD9DCE7-6217-400C-B4F9-7AEA08385D03}
	EndGlobalSection
EndGlobal
